
Microsoft Visual Studio Solution File, Format Version 12.00
# Visual Studio 15
VisualStudioVersion = 15.0.28307.329
MinimumVisualStudioVersion = 10.0.40219.1
Project("{FAE04EC0-301F-11D3-BF4B-00C04F79EFBC}") = "BandZone.UI", "BandZone.UI\BandZone.UI.csproj", "{D3CBBC94-81B5-4C95-9072-117D218AC878}"
EndProject
Project("{00D1A9C2-B5F0-4AF3-8072-F6C62B433612}") = "BandZone.DB", "BandZone.DB\BandZone.DB.sqlproj", "{FC258418-3E41-4DA3-BCAA-8A0858FF126F}"
EndProject
Project("{FAE04EC0-301F-11D3-BF4B-00C04F79EFBC}") = "BandZone.PL", "BandZone.PL\BandZone.PL.csproj", "{C944769E-F80B-4C03-8C28-93C8BEFA7069}"
EndProject
Project("{FAE04EC0-301F-11D3-BF4B-00C04F79EFBC}") = "BandZone.BL", "BandZone.BL\BandZone.BL.csproj", "{74408F9F-AD15-40A5-BC15-9669999C453C}"
EndProject
Global
	GlobalSection(SolutionConfigurationPlatforms) = preSolution
		Debug|Any CPU = Debug|Any CPU
		Release|Any CPU = Release|Any CPU
	EndGlobalSection
	GlobalSection(ProjectConfigurationPlatforms) = postSolution
		{D3CBBC94-81B5-4C95-9072-117D218AC878}.Debug|Any CPU.ActiveCfg = Debug|Any CPU
		{D3CBBC94-81B5-4C95-9072-117D218AC878}.Debug|Any CPU.Build.0 = Debug|Any CPU
		{D3CBBC94-81B5-4C95-9072-117D218AC878}.Release|Any CPU.ActiveCfg = Release|Any CPU
		{D3CBBC94-81B5-4C95-9072-117D218AC878}.Release|Any CPU.Build.0 = Release|Any CPU
		{FC258418-3E41-4DA3-BCAA-8A0858FF126F}.Debug|Any CPU.ActiveCfg = Debug|Any CPU
		{FC258418-3E41-4DA3-BCAA-8A0858FF126F}.Debug|Any CPU.Build.0 = Debug|Any CPU
		{FC258418-3E41-4DA3-BCAA-8A0858FF126F}.Debug|Any CPU.Deploy.0 = Debug|Any CPU
		{FC258418-3E41-4DA3-BCAA-8A0858FF126F}.Release|Any CPU.ActiveCfg = Release|Any CPU
		{FC258418-3E41-4DA3-BCAA-8A0858FF126F}.Release|Any CPU.Build.0 = Release|Any CPU
		{FC258418-3E41-4DA3-BCAA-8A0858FF126F}.Release|Any CPU.Deploy.0 = Release|Any CPU
		{C944769E-F80B-4C03-8C28-93C8BEFA7069}.Debug|Any CPU.ActiveCfg = Debug|Any CPU
		{C944769E-F80B-4C03-8C28-93C8BEFA7069}.Debug|Any CPU.Build.0 = Debug|Any CPU
		{C944769E-F80B-4C03-8C28-93C8BEFA7069}.Release|Any CPU.ActiveCfg = Release|Any CPU
		{C944769E-F80B-4C03-8C28-93C8BEFA7069}.Release|Any CPU.Build.0 = Release|Any CPU
		{74408F9F-AD15-40A5-BC15-9669999C453C}.Debug|Any CPU.ActiveCfg = Debug|Any CPU
		{74408F9F-AD15-40A5-BC15-9669999C453C}.Debug|Any CPU.Build.0 = Debug|Any CPU
		{74408F9F-AD15-40A5-BC15-9669999C453C}.Release|Any CPU.ActiveCfg = Release|Any CPU
		{74408F9F-AD15-40A5-BC15-9669999C453C}.Release|Any CPU.Build.0 = Release|Any CPU
	EndGlobalSection
	GlobalSection(SolutionProperties) = preSolution
		HideSolutionNode = FALSE
	EndGlobalSection
	GlobalSection(ExtensibilityGlobals) = postSolution
		SolutionGuid = {328E568F-398E-4E1E-AACD-1848D70400D9}
	EndGlobalSection
EndGlobal
